
Microsoft Visual Studio Solution File, Format Version 12.00
# Visual Studio 15
Project("{FAE04EC0-301F-11D3-BF4B-00C04F79EFBC}") = "Assembly-CSharp-Editor", "Assembly-CSharp-Editor.csproj", "{B4D00413-D5C1-D6A1-878A-C8A74AE63E75}"
EndProject
Project("{FAE04EC0-301F-11D3-BF4B-00C04F79EFBC}") = "Assembly-CSharp", "Assembly-CSharp.csproj", "{E6D9405F-1D47-49D7-FCE2-22DF4DE9F1C0}"
EndProject
Global
	GlobalSection(SolutionConfigurationPlatforms) = preSolution
		Debug|Any CPU = Debug|Any CPU
		Release|Any CPU = Release|Any CPU
	EndGlobalSection
	GlobalSection(ProjectConfigurationPlatforms) = postSolution
		{B4D00413-D5C1-D6A1-878A-C8A74AE63E75}.Debug|Any CPU.ActiveCfg = Debug|Any CPU
		{B4D00413-D5C1-D6A1-878A-C8A74AE63E75}.Debug|Any CPU.Build.0 = Debug|Any CPU
		{B4D00413-D5C1-D6A1-878A-C8A74AE63E75}.Release|Any CPU.ActiveCfg = Release|Any CPU
		{B4D00413-D5C1-D6A1-878A-C8A74AE63E75}.Release|Any CPU.Build.0 = Release|Any CPU
		{E6D9405F-1D47-49D7-FCE2-22DF4DE9F1C0}.Debug|Any CPU.ActiveCfg = Debug|Any CPU
		{E6D9405F-1D47-49D7-FCE2-22DF4DE9F1C0}.Debug|Any CPU.Build.0 = Debug|Any CPU
		{E6D9405F-1D47-49D7-FCE2-22DF4DE9F1C0}.Release|Any CPU.ActiveCfg = Release|Any CPU
		{E6D9405F-1D47-49D7-FCE2-22DF4DE9F1C0}.Release|Any CPU.Build.0 = Release|Any CPU
	EndGlobalSection
	GlobalSection(SolutionProperties) = preSolution
		HideSolutionNode = FALSE
	EndGlobalSection
EndGlobal
